
Microsoft Visual Studio Solution File, Format Version 12.00
# Visual Studio 15
VisualStudioVersion = 15.0.27004.2005
MinimumVisualStudioVersion = 10.0.40219.1
Project("{FAE04EC0-301F-11D3-BF4B-00C04F79EFBC}") = "BolTDLCore", "BolTDL\BolTDLCore.csproj", "{8C2E85D0-8F6E-4DFB-B01C-54FDE1671170}"
EndProject
Project("{FAE04EC0-301F-11D3-BF4B-00C04F79EFBC}") = "BolTDLConsole", "BolTDLConsole\BolTDLConsole.csproj", "{382F37F0-69FB-4E48-B987-CB520A9F1A4B}"
EndProject
Project("{FAE04EC0-301F-11D3-BF4B-00C04F79EFBC}") = "BolTDLServer", "BolTDLServer\BolTDLServer.csproj", "{739F7E08-B137-4C90-8981-377CFF1010D1}"
EndProject
Project("{FAE04EC0-301F-11D3-BF4B-00C04F79EFBC}") = "BolTDLCore.NetStandard", "BolTDLCore.NetStandard\BolTDLCore.NetStandard.csproj", "{8CCAEF7B-EACB-41A8-B603-438518937C09}"
EndProject
Project("{FAE04EC0-301F-11D3-BF4B-00C04F79EFBC}") = "BolTDLServer.NetCore", "BolTDLServer.NetCore\BolTDLServer.NetCore.csproj", "{0BA5CA96-5F52-4C90-B577-5D00F27253DF}"
EndProject
Global
	GlobalSection(SolutionConfigurationPlatforms) = preSolution
		Debug|Any CPU = Debug|Any CPU
		Release|Any CPU = Release|Any CPU
	EndGlobalSection
	GlobalSection(ProjectConfigurationPlatforms) = postSolution
		{8C2E85D0-8F6E-4DFB-B01C-54FDE1671170}.Debug|Any CPU.ActiveCfg = Debug|Any CPU
		{8C2E85D0-8F6E-4DFB-B01C-54FDE1671170}.Debug|Any CPU.Build.0 = Debug|Any CPU
		{8C2E85D0-8F6E-4DFB-B01C-54FDE1671170}.Release|Any CPU.ActiveCfg = Release|Any CPU
		{8C2E85D0-8F6E-4DFB-B01C-54FDE1671170}.Release|Any CPU.Build.0 = Release|Any CPU
		{382F37F0-69FB-4E48-B987-CB520A9F1A4B}.Debug|Any CPU.ActiveCfg = Debug|Any CPU
		{382F37F0-69FB-4E48-B987-CB520A9F1A4B}.Debug|Any CPU.Build.0 = Debug|Any CPU
		{382F37F0-69FB-4E48-B987-CB520A9F1A4B}.Release|Any CPU.ActiveCfg = Release|Any CPU
		{382F37F0-69FB-4E48-B987-CB520A9F1A4B}.Release|Any CPU.Build.0 = Release|Any CPU
		{739F7E08-B137-4C90-8981-377CFF1010D1}.Debug|Any CPU.ActiveCfg = Debug|Any CPU
		{739F7E08-B137-4C90-8981-377CFF1010D1}.Debug|Any CPU.Build.0 = Debug|Any CPU
		{739F7E08-B137-4C90-8981-377CFF1010D1}.Release|Any CPU.ActiveCfg = Release|Any CPU
		{739F7E08-B137-4C90-8981-377CFF1010D1}.Release|Any CPU.Build.0 = Release|Any CPU
		{8CCAEF7B-EACB-41A8-B603-438518937C09}.Debug|Any CPU.ActiveCfg = Debug|Any CPU
		{8CCAEF7B-EACB-41A8-B603-438518937C09}.Debug|Any CPU.Build.0 = Debug|Any CPU
		{8CCAEF7B-EACB-41A8-B603-438518937C09}.Release|Any CPU.ActiveCfg = Release|Any CPU
		{8CCAEF7B-EACB-41A8-B603-438518937C09}.Release|Any CPU.Build.0 = Release|Any CPU
		{0BA5CA96-5F52-4C90-B577-5D00F27253DF}.Debug|Any CPU.ActiveCfg = Debug|Any CPU
		{0BA5CA96-5F52-4C90-B577-5D00F27253DF}.Debug|Any CPU.Build.0 = Debug|Any CPU
		{0BA5CA96-5F52-4C90-B577-5D00F27253DF}.Release|Any CPU.ActiveCfg = Release|Any CPU
		{0BA5CA96-5F52-4C90-B577-5D00F27253DF}.Release|Any CPU.Build.0 = Release|Any CPU
	EndGlobalSection
	GlobalSection(SolutionProperties) = preSolution
		HideSolutionNode = FALSE
	EndGlobalSection
	GlobalSection(ExtensibilityGlobals) = postSolution
		SolutionGuid = {2768F977-8EBA-41A2-AD31-82183BF546E0}
	EndGlobalSection
EndGlobal
